PODS:
  - Flutter (1.0.0)
  - flutter_secure_storage (3.3.1):
    - Flutter
  - FMDB (2.7.5):
    - FMDB/standard (= 2.7.5)
  - FMDB/standard (2.7.5)
  - geocoding (1.0.5):
    - Flutter
  - geolocator (6.2.0):
    - Flutter
  - google_maps_flutter (0.0.1):
    - Flutter
    - GoogleMaps
  - GoogleMaps (5.1.0):
    - GoogleMaps/Maps (= 5.1.0)
  - GoogleMaps/Base (5.1.0)
  - GoogleMaps/Maps (5.1.0):
    - GoogleMaps/Base
  - path_provider (0.0.1):
    - Flutter
  - shared_preferences (0.0.1):
    - Flutter
  - sqflite (0.0.2):
    - Flutter
    - FMDB (>= 2.7.5)
  - Stripe (21.5.1):
    - Stripe/Stripe3DS2 (= 21.5.1)
  - Stripe/Stripe3DS2 (21.5.1)
  - stripe_ios (0.0.1):
    - Flutter
    - Stripe (~> 21.5.1)

DEPENDENCIES:
  - Flutter (from `Flutter`)
  - flutter_secure_storage (from `.symlinks/plugins/flutter_secure_storage/ios`)
  - geocoding (from `.symlinks/plugins/geocoding/ios`)
  - geolocator (from `.symlinks/plugins/geolocator/ios`)
  - google_maps_flutter (from `.symlinks/plugins/google_maps_flutter/ios`)
  - path_provider (from `.symlinks/plugins/path_provider/ios`)
  - shared_preferences (from `.symlinks/plugins/shared_preferences/ios`)
  - sqflite (from `.symlinks/plugins/sqflite/ios`)
  - stripe_ios (from `.symlinks/plugins/stripe_ios/ios`)

SPEC REPOS:
  trunk:
    - FMDB
    - GoogleMaps
    - Stripe

EXTERNAL SOURCES:
  Flutter:
    :path: Flutter
  flutter_secure_storage:
    :path: ".symlinks/plugins/flutter_secure_storage/ios"
  geocoding:
    :path: ".symlinks/plugins/geocoding/ios"
  geolocator:
    :path: ".symlinks/plugins/geolocator/ios"
  google_maps_flutter:
    :path: ".symlinks/plugins/google_maps_flutter/ios"
  path_provider:
    :path: ".symlinks/plugins/path_provider/ios"
  shared_preferences:
    :path: ".symlinks/plugins/shared_preferences/ios"
  sqflite:
    :path: ".symlinks/plugins/sqflite/ios"
  stripe_ios:
    :path: ".symlinks/plugins/stripe_ios/ios"

SPEC CHECKSUMS:
  Flutter: 434fef37c0980e73bb6479ef766c45957d4b510c
  flutter_secure_storage: 7953c38a04c3fdbb00571bcd87d8e3b5ceb9daec
  FMDB: 2ce00b547f966261cd18927a3ddb07cb6f3db82a
  geocoding: 32cfcdb16d38d907caaba65e2e42ad10d38bee58
  geolocator: f5e3de65e241caba7ce3e8a618803387bda73384
  google_maps_flutter: df4e7de95264aa0a2f11aac0fc7e313acb8ffc7e
  GoogleMaps: 086ae1dab659eaa7339bdb30fc88e2f44e7c597c
  path_provider: abfe2b5c733d04e238b0d8691db0cfd63a27a93c
  shared_preferences: af6bfa751691cdc24be3045c43ec037377ada40d
  sqflite: 6d358c025f5b867b29ed92fc697fd34924e11904
  Stripe: 515db5536fd659b5d79a0898ce1b882b61ab597e
  stripe_ios: ce035050135b58a5a838e0d410d53b26f1dc026a

PODFILE CHECKSUM: 21b64fbb12492d731c9be90cbe0f2d328bef4b49

COCOAPODS: 1.10.1
